
Microsoft Visual Studio Solution File, Format Version 12.00
# Visual Studio Version 17
VisualStudioVersion = 17.13.35931.197
MinimumVisualStudioVersion = 10.0.40219.1
Project("{FAE04EC0-301F-11D3-BF4B-00C04F79EFBC}") = "Obs_Basic", "Obs_Basic\Obs_Basic.csproj", "{A252389B-BCA2-49B9-9671-7E4B153ADF45}"
EndProject
Project("{FAE04EC0-301F-11D3-BF4B-00C04F79EFBC}") = "DbHelper", "DbHelper\DbHelper.csproj", "{167D641F-F463-46C1-A640-3B9BF9F162AB}"
EndProject
Project("{54435603-DBB4-11D2-8724-00A0C9A8B90C}") = "ObsSetup", "ObsSetup\ObsSetup.vdproj", "{11876CBF-4798-20B5-19F9-0B75190AD89A}"
EndProject
Global
	GlobalSection(SolutionConfigurationPlatforms) = preSolution
		Debug|Any CPU = Debug|Any CPU
		Release|Any CPU = Release|Any CPU
	EndGlobalSection
	GlobalSection(ProjectConfigurationPlatforms) = postSolution
		{A252389B-BCA2-49B9-9671-7E4B153ADF45}.Debug|Any CPU.ActiveCfg = Debug|Any CPU
		{A252389B-BCA2-49B9-9671-7E4B153ADF45}.Debug|Any CPU.Build.0 = Debug|Any CPU
		{A252389B-BCA2-49B9-9671-7E4B153ADF45}.Release|Any CPU.ActiveCfg = Release|Any CPU
		{A252389B-BCA2-49B9-9671-7E4B153ADF45}.Release|Any CPU.Build.0 = Release|Any CPU
		{167D641F-F463-46C1-A640-3B9BF9F162AB}.Debug|Any CPU.ActiveCfg = Debug|Any CPU
		{167D641F-F463-46C1-A640-3B9BF9F162AB}.Debug|Any CPU.Build.0 = Debug|Any CPU
		{167D641F-F463-46C1-A640-3B9BF9F162AB}.Release|Any CPU.ActiveCfg = Release|Any CPU
		{167D641F-F463-46C1-A640-3B9BF9F162AB}.Release|Any CPU.Build.0 = Release|Any CPU
		{11876CBF-4798-20B5-19F9-0B75190AD89A}.Debug|Any CPU.ActiveCfg = Debug
		{11876CBF-4798-20B5-19F9-0B75190AD89A}.Release|Any CPU.ActiveCfg = Release
	EndGlobalSection
	GlobalSection(SolutionProperties) = preSolution
		HideSolutionNode = FALSE
	EndGlobalSection
	GlobalSection(ExtensibilityGlobals) = postSolution
		SolutionGuid = {8F178C19-210E-4E98-B442-012201AD851E}
	EndGlobalSection
EndGlobal
